
Microsoft Visual Studio Solution File, Format Version 12.00
# Visual Studio Version 16
VisualStudioVersion = 16.0.30907.101
MinimumVisualStudioVersion = 10.0.40219.1
Project("{FAE04EC0-301F-11D3-BF4B-00C04F79EFBC}") = "Trivia GUI", "Trivia GUI\Trivia GUI.csproj", "{200F6B8B-F038-47AD-8529-912B22AC2A58}"
EndProject
Global
	GlobalSection(SolutionConfigurationPlatforms) = preSolution
		Debug|Any CPU = Debug|Any CPU
		Release|Any CPU = Release|Any CPU
	EndGlobalSection
	GlobalSection(ProjectConfigurationPlatforms) = postSolution
		{200F6B8B-F038-47AD-8529-912B22AC2A58}.Debug|Any CPU.ActiveCfg = Debug|Any CPU
		{200F6B8B-F038-47AD-8529-912B22AC2A58}.Debug|Any CPU.Build.0 = Debug|Any CPU
		{200F6B8B-F038-47AD-8529-912B22AC2A58}.Release|Any CPU.ActiveCfg = Release|Any CPU
		{200F6B8B-F038-47AD-8529-912B22AC2A58}.Release|Any CPU.Build.0 = Release|Any CPU
	EndGlobalSection
	GlobalSection(SolutionProperties) = preSolution
		HideSolutionNode = FALSE
	EndGlobalSection
	GlobalSection(ExtensibilityGlobals) = postSolution
		SolutionGuid = {4103D20C-5CF9-4565-A128-E1C6B0EE9D2E}
	EndGlobalSection
EndGlobal
